// !$*UTF8*$!
{
	archiveVersion = 1;
	classes = {
	};
	objectVersion = 46;
	objects = {

/* Begin PBXBuildFile section */
		3F151CA21C1A011600D92DC2 /* AppDelegate.swift in Sources */ = {isa = PBXBuildFile; fileRef = 3F151CA11C1A011600D92DC2 /* AppDelegate.swift */; };
		3F151CA41C1A011600D92DC2 /* ViewController.swift in Sources */ = {isa = PBXBuildFile; fileRef = 3F151CA31C1A011600D92DC2 /* ViewController.swift */; };
		3F151CA71C1A011600D92DC2 /* Main.storyboard in Resources */ = {isa = PBXBuildFile; fileRef = 3F151CA51C1A011600D92DC2 /* Main.storyboard */; };
		3F151CAA1C1A011600D92DC2 /* ScreensApp.xcdatamodeld in Sources */ = {isa = PBXBuildFile; fileRef = 3F151CA81C1A011600D92DC2 /* ScreensApp.xcdatamodeld */; };
		3F151CAC1C1A011600D92DC2 /* Assets.xcassets in Resources */ = {isa = PBXBuildFile; fileRef = 3F151CAB1C1A011600D92DC2 /* Assets.xcassets */; };
		3F151CAF1C1A011600D92DC2 /* LaunchScreen.storyboard in Resources */ = {isa = PBXBuildFile; fileRef = 3F151CAD1C1A011600D92DC2 /* LaunchScreen.storyboard */; };
		3F151CBA1C1A011600D92DC2 /* ScreensAppTests.swift in Sources */ = {isa = PBXBuildFile; fileRef = 3F151CB91C1A011600D92DC2 /* ScreensAppTests.swift */; };
		3F151CC51C1A011600D92DC2 /* ScreensAppUITests.swift in Sources */ = {isa = PBXBuildFile; fileRef = 3F151CC41C1A011600D92DC2 /* ScreensAppUITests.swift */; };
		3F4008251C207AB8002D2611 /* Usuario+CoreDataProperties.swift in Sources */ = {isa = PBXBuildFile; fileRef = 3F40081F1C207AB8002D2611 /* Usuario+CoreDataProperties.swift */; };
		3F4008261C207AB8002D2611 /* Usuario.swift in Sources */ = {isa = PBXBuildFile; fileRef = 3F4008201C207AB8002D2611 /* Usuario.swift */; };
		3F4008291C207AB8002D2611 /* Categoria+CoreDataProperties.swift in Sources */ = {isa = PBXBuildFile; fileRef = 3F4008231C207AB8002D2611 /* Categoria+CoreDataProperties.swift */; };
		3F40082A1C207AB8002D2611 /* Categoria.swift in Sources */ = {isa = PBXBuildFile; fileRef = 3F4008241C207AB8002D2611 /* Categoria.swift */; };
		3F40082D1C207BA7002D2611 /* Evento+CoreDataProperties.swift in Sources */ = {isa = PBXBuildFile; fileRef = 3F40082B1C207BA7002D2611 /* Evento+CoreDataProperties.swift */; };
		3F40082E1C207BA7002D2611 /* Evento.swift in Sources */ = {isa = PBXBuildFile; fileRef = 3F40082C1C207BA7002D2611 /* Evento.swift */; };
/* End PBXBuildFile section */

/* Begin PBXContainerItemProxy section */
		3F151CB61C1A011600D92DC2 /* PBXContainerItemProxy */ = {
			isa = PBXContainerItemProxy;
			containerPortal = 3F151C961C1A011600D92DC2 /* Project object */;
			proxyType = 1;
			remoteGlobalIDString = 3F151C9D1C1A011600D92DC2;
			remoteInfo = ScreensApp;
		};
		3F151CC11C1A011600D92DC2 /* PBXContainerItemProxy */ = {
			isa = PBXContainerItemProxy;
			containerPortal = 3F151C961C1A011600D92DC2 /* Project object */;
			proxyType = 1;
			remoteGlobalIDString = 3F151C9D1C1A011600D92DC2;
			remoteInfo = ScreensApp;
		};
/* End PBXContainerItemProxy section */

/* Begin PBXFileReference section */
		3F151C9E1C1A011600D92DC2 /* ScreensApp.app */ = {isa = PBXFileReference; explicitFileType = wrapper.application; includeInIndex = 0; path = ScreensApp.app; sourceTree = BUILT_PRODUCTS_DIR; };
		3F151CA11C1A011600D92DC2 /* AppDelegate.swift */ = {isa = PBXFileReference; lastKnownFileType = sourcecode.swift; path = AppDelegate.swift; sourceTree = "<group>"; };
		3F151CA31C1A011600D92DC2 /* ViewController.swift */ = {isa = PBXFileReference; lastKnownFileType = sourcecode.swift; path = ViewController.swift; sourceTree = "<group>"; };
		3F151CA61C1A011600D92DC2 /* Base */ = {isa = PBXFileReference; lastKnownFileType = file.storyboard; name = Base; path = Base.lproj/Main.storyboard; sourceTree = "<group>"; };
		3F151CA91C1A011600D92DC2 /* ScreensApp.xcdatamodel */ = {isa = PBXFileReference; lastKnownFileType = wrapper.xcdatamodel; path = ScreensApp.xcdatamodel; sourceTree = "<group>"; };
		3F151CAB1C1A011600D92DC2 /* Assets.xcassets */ = {isa = PBXFileReference; lastKnownFileType = folder.assetcatalog; path = Assets.xcassets; sourceTree = "<group>"; };
		3F151CAE1C1A011600D92DC2 /* Base */ = {isa = PBXFileReference; lastKnownFileType = file.storyboard; name = Base; path = Base.lproj/LaunchScreen.storyboard; sourceTree = "<group>"; };
		3F151CB01C1A011600D92DC2 /* Info.plist */ = {isa = PBXFileReference; lastKnownFileType = text.plist.xml; path = Info.plist; sourceTree = "<group>"; };
		3F151CB51C1A011600D92DC2 /* ScreensAppTests.xctest */ = {isa = PBXFileReference; explicitFileType = wrapper.cfbundle; includeInIndex = 0; path = ScreensAppTests.xctest; sourceTree = BUILT_PRODUCTS_DIR; };
		3F151CB91C1A011600D92DC2 /* ScreensAppTests.swift */ = {isa = PBXFileReference; lastKnownFileType = sourcecode.swift; path = ScreensAppTests.swift; sourceTree = "<group>"; };
		3F151CBB1C1A011600D92DC2 /* Info.plist */ = {isa = PBXFileReference; lastKnownFileType = text.plist.xml; path = Info.plist; sourceTree = "<group>"; };
		3F151CC01C1A011600D92DC2 /* ScreensAppUITests.xctest */ = {isa = PBXFileReference; explicitFileType = wrapper.cfbundle; includeInIndex = 0; path = ScreensAppUITests.xctest; sourceTree = BUILT_PRODUCTS_DIR; };
		3F151CC41C1A011600D92DC2 /* ScreensAppUITests.swift */ = {isa = PBXFileReference; lastKnownFileType = sourcecode.swift; path = ScreensAppUITests.swift; sourceTree = "<group>"; };
		3F151CC61C1A011600D92DC2 /* Info.plist */ = {isa = PBXFileReference; lastKnownFileType = text.plist.xml; path = Info.plist; sourceTree = "<group>"; };
		3F40081F1C207AB8002D2611 /* Usuario+CoreDataProperties.swift */ = {isa = PBXFileReference; fileEncoding = 4; lastKnownFileType = sourcecode.swift; name = "Usuario+CoreDataProperties.swift"; path = "ScreensApp/Usuario+CoreDataProperties.swift"; sourceTree = "<group>"; };
		3F4008201C207AB8002D2611 /* Usuario.swift */ = {isa = PBXFileReference; fileEncoding = 4; lastKnownFileType = sourcecode.swift; name = Usuario.swift; path = ScreensApp/Usuario.swift; sourceTree = "<group>"; };
		3F4008231C207AB8002D2611 /* Categoria+CoreDataProperties.swift */ = {isa = PBXFileReference; fileEncoding = 4; lastKnownFileType = sourcecode.swift; name = "Categoria+CoreDataProperties.swift"; path = "ScreensApp/Categoria+CoreDataProperties.swift"; sourceTree = "<group>"; };
		3F4008241C207AB8002D2611 /* Categoria.swift */ = {isa = PBXFileReference; fileEncoding = 4; lastKnownFileType = sourcecode.swift; name = Categoria.swift; path = ScreensApp/Categoria.swift; sourceTree = "<group>"; };
		3F40082B1C207BA7002D2611 /* Evento+CoreDataProperties.swift */ = {isa = PBXFileReference; fileEncoding = 4; lastKnownFileType = sourcecode.swift; path = "Evento+CoreDataProperties.swift"; sourceTree = "<group>"; };
		3F40082C1C207BA7002D2611 /* Evento.swift */ = {isa = PBXFileReference; fileEncoding = 4; lastKnownFileType = sourcecode.swift; path = Evento.swift; sourceTree = "<group>"; };
/* End PBXFileReference section */

/* Begin PBXFrameworksBuildPhase section */
		3F151C9B1C1A011600D92DC2 /* Frameworks */ = {
			isa = PBXFrameworksBuildPhase;
			buildActionMask = 2147483647;
			files = (
			);
			runOnlyForDeploymentPostprocessing = 0;
		};
		3F151CB21C1A011600D92DC2 /* Frameworks */ = {
			isa = PBXFrameworksBuildPhase;
			buildActionMask = 2147483647;
			files = (
			);
			runOnlyForDeploymentPostprocessing = 0;
		};
		3F151CBD1C1A011600D92DC2 /* Frameworks */ = {
			isa = PBXFrameworksBuildPhase;
			buildActionMask = 2147483647;
			files = (
			);
			runOnlyForDeploymentPostprocessing = 0;
		};
/* End PBXFrameworksBuildPhase section */

/* Begin PBXGroup section */
		3F151C951C1A011600D92DC2 = {
			isa = PBXGroup;
			children = (
				3F40082B1C207BA7002D2611 /* Evento+CoreDataProperties.swift */,
				3F40082C1C207BA7002D2611 /* Evento.swift */,
				3F40081F1C207AB8002D2611 /* Usuario+CoreDataProperties.swift */,
				3F4008201C207AB8002D2611 /* Usuario.swift */,
				3F4008231C207AB8002D2611 /* Categoria+CoreDataProperties.swift */,
				3F4008241C207AB8002D2611 /* Categoria.swift */,
				3F151CA01C1A011600D92DC2 /* ScreensApp */,
				3F151CB81C1A011600D92DC2 /* ScreensAppTests */,
				3F151CC31C1A011600D92DC2 /* ScreensAppUITests */,
				3F151C9F1C1A011600D92DC2 /* Products */,
			);
			sourceTree = "<group>";
		};
		3F151C9F1C1A011600D92DC2 /* Products */ = {
			isa = PBXGroup;
			children = (
				3F151C9E1C1A011600D92DC2 /* ScreensApp.app */,
				3F151CB51C1A011600D92DC2 /* ScreensAppTests.xctest */,
				3F151CC01C1A011600D92DC2 /* ScreensAppUITests.xctest */,
			);
			name = Products;
			sourceTree = "<group>";
		};
		3F151CA01C1A011600D92DC2 /* ScreensApp */ = {
			isa = PBXGroup;
			children = (
				3F151CA11C1A011600D92DC2 /* AppDelegate.swift */,
				3F151CA31C1A011600D92DC2 /* ViewController.swift */,
				3F151CA51C1A011600D92DC2 /* Main.storyboard */,
				3F151CAB1C1A011600D92DC2 /* Assets.xcassets */,
				3F151CAD1C1A011600D92DC2 /* LaunchScreen.storyboard */,
				3F151CB01C1A011600D92DC2 /* Info.plist */,
				3F151CA81C1A011600D92DC2 /* ScreensApp.xcdatamodeld */,
			);
			path = ScreensApp;
			sourceTree = "<group>";
		};
		3F151CB81C1A011600D92DC2 /* ScreensAppTests */ = {
			isa = PBXGroup;
			children = (
				3F151CB91C1A011600D92DC2 /* ScreensAppTests.swift */,
				3F151CBB1C1A011600D92DC2 /* Info.plist */,
			);
			path = ScreensAppTests;
			sourceTree = "<group>";
		};
		3F151CC31C1A011600D92DC2 /* ScreensAppUITests */ = {
			isa = PBXGroup;
			children = (
				3F151CC41C1A011600D92DC2 /* ScreensAppUITests.swift */,
				3F151CC61C1A011600D92DC2 /* Info.plist */,
			);
			path = ScreensAppUITests;
			sourceTree = "<group>";
		};
/* End PBXGroup section */

/* Begin PBXNativeTarget section */
		3F151C9D1C1A011600D92DC2 /* ScreensApp */ = {
			isa = PBXNativeTarget;
			buildConfigurationList = 3F151CC91C1A011600D92DC2 /* Build configuration list for PBXNativeTarget "ScreensApp" */;
			buildPhases = (
				3F151C9A1C1A011600D92DC2 /* Sources */,
				3F151C9B1C1A011600D92DC2 /* Frameworks */,
				3F151C9C1C1A011600D92DC2 /* Resources */,
			);
			buildRules = (
			);
			dependencies = (
			);
			name = ScreensApp;
			productName = ScreensApp;
			productReference = 3F151C9E1C1A011600D92DC2 /* ScreensApp.app */;
			productType = "com.apple.product-type.application";
		};
		3F151CB41C1A011600D92DC2 /* ScreensAppTests */ = {
			isa = PBXNativeTarget;
			buildConfigurationList = 3F151CCC1C1A011600D92DC2 /* Build configuration list for PBXNativeTarget "ScreensAppTests" */;
			buildPhases = (
				3F151CB11C1A011600D92DC2 /* Sources */,
				3F151CB21C1A011600D92DC2 /* Frameworks */,
				3F151CB31C1A011600D92DC2 /* Resources */,
			);
			buildRules = (
			);
			dependencies = (
				3F151CB71C1A011600D92DC2 /* PBXTargetDependency */,
			);
			name = ScreensAppTests;
			productName = ScreensAppTests;
			productReference = 3F151CB51C1A011600D92DC2 /* ScreensAppTests.xctest */;
			productType = "com.apple.product-type.bundle.unit-test";
		};
		3F151CBF1C1A011600D92DC2 /* ScreensAppUITests */ = {
			isa = PBXNativeTarget;
			buildConfigurationList = 3F151CCF1C1A011600D92DC2 /* Build configuration list for PBXNativeTarget "ScreensAppUITests" */;
			buildPhases = (
				3F151CBC1C1A011600D92DC2 /* Sources */,
				3F151CBD1C1A011600D92DC2 /* Frameworks */,
				3F151CBE1C1A011600D92DC2 /* Resources */,
			);
			buildRules = (
			);
			dependencies = (
				3F151CC21C1A011600D92DC2 /* PBXTargetDependency */,
			);
			name = ScreensAppUITests;
			productName = ScreensAppUITests;
			productReference = 3F151CC01C1A011600D92DC2 /* ScreensAppUITests.xctest */;
			productType = "com.apple.product-type.bundle.ui-testing";
		};
/* End PBXNativeTarget section */

/* Begin PBXProject section */
		3F151C961C1A011600D92DC2 /* Project object */ = {
			isa = PBXProject;
			attributes = {
				LastSwiftUpdateCheck = 0710;
				LastUpgradeCheck = 0710;
				ORGANIZATIONNAME = "Thiago Fortunato";
				TargetAttributes = {
					3F151C9D1C1A011600D92DC2 = {
						CreatedOnToolsVersion = 7.1;
					};
					3F151CB41C1A011600D92DC2 = {
						CreatedOnToolsVersion = 7.1;
						TestTargetID = 3F151C9D1C1A011600D92DC2;
					};
					3F151CBF1C1A011600D92DC2 = {
						CreatedOnToolsVersion = 7.1;
						TestTargetID = 3F151C9D1C1A011600D92DC2;
					};
				};
			};
			buildConfigurationList = 3F151C991C1A011600D92DC2 /* Build configuration list for PBXProject "ScreensApp" */;
			compatibilityVersion = "Xcode 3.2";
			developmentRegion = English;
			hasScannedForEncodings = 0;
			knownRegions = (
				en,
				Base,
			);
			mainGroup = 3F151C951C1A011600D92DC2;
			productRefGroup = 3F151C9F1C1A011600D92DC2 /* Products */;
			projectDirPath = "";
			projectRoot = "";
			targets = (
				3F151C9D1C1A011600D92DC2 /* ScreensApp */,
				3F151CB41C1A011600D92DC2 /* ScreensAppTests */,
				3F151CBF1C1A011600D92DC2 /* ScreensAppUITests */,
			);
		};
/* End PBXProject section */

/* Begin PBXResourcesBuildPhase section */
		3F151C9C1C1A011600D92DC2 /* Resources */ = {
			isa = PBXResourcesBuildPhase;
			buildActionMask = 2147483647;
			files = (
				3F151CAF1C1A011600D92DC2 /* LaunchScreen.storyboard in Resources */,
				3F151CAC1C1A011600D92DC2 /* Assets.xcassets in Resources */,
				3F151CA71C1A011600D92DC2 /* Main.storyboard in Resources */,
			);
			runOnlyForDeploymentPostprocessing = 0;
		};
		3F151CB31C1A011600D92DC2 /* Resources */ = {
			isa = PBXResourcesBuildPhase;
			buildActionMask = 2147483647;
			files = (
			);
			runOnlyForDeploymentPostprocessing = 0;
		};
		3F151CBE1C1A011600D92DC2 /* Resources */ = {
			isa = PBXResourcesBuildPhase;
			buildActionMask = 2147483647;
			files = (
			);
			runOnlyForDeploymentPostprocessing = 0;
		};
/* End PBXResourcesBuildPhase section */

/* Begin PBXSourcesBuildPhase section */
		3F151C9A1C1A011600D92DC2 /* Sources */ = {
			isa = PBXSourcesBuildPhase;
			buildActionMask = 2147483647;
			files = (
				3F4008251C207AB8002D2611 /* Usuario+CoreDataProperties.swift in Sources */,
				3F151CAA1C1A011600D92DC2 /* ScreensApp.xcdatamodeld in Sources */,
				3F40082E1C207BA7002D2611 /* Evento.swift in Sources */,
				3F151CA41C1A011600D92DC2 /* ViewController.swift in Sources */,
				3F4008291C207AB8002D2611 /* Categoria+CoreDataProperties.swift in Sources */,
				3F40082D1C207BA7002D2611 /* Evento+CoreDataProperties.swift in Sources */,
				3F4008261C207AB8002D2611 /* Usuario.swift in Sources */,
				3F40082A1C207AB8002D2611 /* Categoria.swift in Sources */,
				3F151CA21C1A011600D92DC2 /* AppDelegate.swift in Sources */,
			);
			runOnlyForDeploymentPostprocessing = 0;
		};
		3F151CB11C1A011600D92DC2 /* Sources */ = {
			isa = PBXSourcesBuildPhase;
			buildActionMask = 2147483647;
			files = (
				3F151CBA1C1A011600D92DC2 /* ScreensAppTests.swift in Sources */,
			);
			runOnlyForDeploymentPostprocessing = 0;
		};
		3F151CBC1C1A011600D92DC2 /* Sources */ = {
			isa = PBXSourcesBuildPhase;
			buildActionMask = 2147483647;
			files = (
				3F151CC51C1A011600D92DC2 /* ScreensAppUITests.swift in Sources */,
			);
			runOnlyForDeploymentPostprocessing = 0;
		};
/* End PBXSourcesBuildPhase section */

/* Begin PBXTargetDependency section */
		3F151CB71C1A011600D92DC2 /* PBXTargetDependency */ = {
			isa = PBXTargetDependency;
			target = 3F151C9D1C1A011600D92DC2 /* ScreensApp */;
			targetProxy = 3F151CB61C1A011600D92DC2 /* PBXContainerItemProxy */;
		};
		3F151CC21C1A011600D92DC2 /* PBXTargetDependency */ = {
			isa = PBXTargetDependency;
			target = 3F151C9D1C1A011600D92DC2 /* ScreensApp */;
			targetProxy = 3F151CC11C1A011600D92DC2 /* PBXContainerItemProxy */;
		};
/* End PBXTargetDependency section */

/* Begin PBXVariantGroup section */
		3F151CA51C1A011600D92DC2 /* Main.storyboard */ = {
			isa = PBXVariantGroup;
			children = (
				3F151CA61C1A011600D92DC2 /* Base */,
			);
			name = Main.storyboard;
			sourceTree = "<group>";
		};
		3F151CAD1C1A011600D92DC2 /* LaunchScreen.storyboard */ = {
			isa = PBXVariantGroup;
			children = (
				3F151CAE1C1A011600D92DC2 /* Base */,
			);
			name = LaunchScreen.storyboard;
			sourceTree = "<group>";
		};
/* End PBXVariantGroup section */

/* Begin XCBuildConfiguration section */
		3F151CC71C1A011600D92DC2 /* Debug */ = {
			isa = XCBuildConfiguration;
			buildSettings = {
				ALWAYS_SEARCH_USER_PATHS = NO;
				CLANG_CXX_LANGUAGE_STANDARD = "gnu++0x";
				CLANG_CXX_LIBRARY = "libc++";
				CLANG_ENABLE_MODULES = YES;
				CLANG_ENABLE_OBJC_ARC = YES;
				CLANG_WARN_BOOL_CONVERSION = YES;
				CLANG_WARN_CONSTANT_CONVERSION = YES;
				CLANG_WARN_DIRECT_OBJC_ISA_USAGE = YES_ERROR;
				CLANG_WARN_EMPTY_BODY = YES;
				CLANG_WARN_ENUM_CONVERSION = YES;
				CLANG_WARN_INT_CONVERSION = YES;
				CLANG_WARN_OBJC_ROOT_CLASS = YES_ERROR;
				CLANG_WARN_UNREACHABLE_CODE = YES;
				CLANG_WARN__DUPLICATE_METHOD_MATCH = YES;
				"CODE_SIGN_IDENTITY[sdk=iphoneos*]" = "iPhone Developer";
				COPY_PHASE_STRIP = NO;
				DEBUG_INFORMATION_FORMAT = dwarf;
				ENABLE_STRICT_OBJC_MSGSEND = YES;
				ENABLE_TESTABILITY = YES;
				GCC_C_LANGUAGE_STANDARD = gnu99;
				GCC_DYNAMIC_NO_PIC = NO;
				GCC_NO_COMMON_BLOCKS = YES;
				GCC_OPTIMIZATION_LEVEL = 0;
				GCC_PREPROCESSOR_DEFINITIONS = (
					"DEBUG=1",
					"$(inherited)",
				);
				GCC_WARN_64_TO_32_BIT_CONVERSION = YES;
				GCC_WARN_ABOUT_RETURN_TYPE = YES_ERROR;
				GCC_WARN_UNDECLARED_SELECTOR = YES;
				GCC_WARN_UNINITIALIZED_AUTOS = YES_AGGRESSIVE;
				GCC_WARN_UNUSED_FUNCTION = YES;
				GCC_WARN_UNUSED_VARIABLE = YES;
				IPHONEOS_DEPLOYMENT_TARGET = 9.1;
				MTL_ENABLE_DEBUG_INFO = YES;
				ONLY_ACTIVE_ARCH = YES;
				SDKROOT = iphoneos;
				SWIFT_OPTIMIZATION_LEVEL = "-Onone";
				TARGETED_DEVICE_FAMILY = "1,2";
			};
			name = Debug;
		};
		3F151CC81C1A011600D92DC2 /* Release */ = {
			isa = XCBuildConfiguration;
			buildSettings = {
				ALWAYS_SEARCH_USER_PATHS = NO;
				CLANG_CXX_LANGUAGE_STANDARD = "gnu++0x";
				CLANG_CXX_LIBRARY = "libc++";
				CLANG_ENABLE_MODULES = YES;
				CLANG_ENABLE_OBJC_ARC = YES;
				CLANG_WARN_BOOL_CONVERSION = YES;
				CLANG_WARN_CONSTANT_CONVERSION = YES;
				CLANG_WARN_DIRECT_OBJC_ISA_USAGE = YES_ERROR;
				CLANG_WARN_EMPTY_BODY = YES;
				CLANG_WARN_ENUM_CONVERSION = YES;
				CLANG_WARN_INT_CONVERSION = YES;
				CLANG_WARN_OBJC_ROOT_CLASS = YES_ERROR;
				CLANG_WARN_UNREACHABLE_CODE = YES;
				CLANG_WARN__DUPLICATE_METHOD_MATCH = YES;
				"CODE_SIGN_IDENTITY[sdk=iphoneos*]" = "iPhone Developer";
				COPY_PHASE_STRIP = NO;
				DEBUG_INFORMATION_FORMAT = "dwarf-with-dsym";
				ENABLE_NS_ASSERTIONS = NO;
				ENABLE_STRICT_OBJC_MSGSEND = YES;
				GCC_C_LANGUAGE_STANDARD = gnu99;
				GCC_NO_COMMON_BLOCKS = YES;
				GCC_WARN_64_TO_32_BIT_CONVERSION = YES;
				GCC_WARN_ABOUT_RETURN_TYPE = YES_ERROR;
				GCC_WARN_UNDECLARED_SELECTOR = YES;
				GCC_WARN_UNINITIALIZED_AUTOS = YES_AGGRESSIVE;
				GCC_WARN_UNUSED_FUNCTION = YES;
				GCC_WARN_UNUSED_VARIABLE = YES;
				IPHONEOS_DEPLOYMENT_TARGET = 9.1;
				MTL_ENABLE_DEBUG_INFO = NO;
				SDKROOT = iphoneos;
				TARGETED_DEVICE_FAMILY = "1,2";
				VALIDATE_PRODUCT = YES;
			};
			name = Release;
		};
		3F151CCA1C1A011600D92DC2 /* Debug */ = {
			isa = XCBuildConfiguration;
			buildSettings = {
				ASSETCATALOG_COMPILER_APPICON_NAME = AppIcon;
				INFOPLIST_FILE = ScreensApp/Info.plist;
				LD_RUNPATH_SEARCH_PATHS = "$(inherited) @executable_path/Frameworks";
				PRODUCT_BUNDLE_IDENTIFIER = HACKATRUCK.ScreensApp;
				PRODUCT_NAME = "$(TARGET_NAME)";
			};
			name = Debug;
		};
		3F151CCB1C1A011600D92DC2 /* Release */ = {
			isa = XCBuildConfiguration;
			buildSettings = {
				ASSETCATALOG_COMPILER_APPICON_NAME = AppIcon;
				INFOPLIST_FILE = ScreensApp/Info.plist;
				LD_RUNPATH_SEARCH_PATHS = "$(inherited) @executable_path/Frameworks";
				PRODUCT_BUNDLE_IDENTIFIER = HACKATRUCK.ScreensApp;
				PRODUCT_NAME = "$(TARGET_NAME)";
			};
			name = Release;
		};
		3F151CCD1C1A011600D92DC2 /* Debug */ = {
			isa = XCBuildConfiguration;
			buildSettings = {
				BUNDLE_LOADER = "$(TEST_HOST)";
				INFOPLIST_FILE = ScreensAppTests/Info.plist;
				LD_RUNPATH_SEARCH_PATHS = "$(inherited) @executable_path/Frameworks @loader_path/Frameworks";
				PRODUCT_BUNDLE_IDENTIFIER = HACKATRUCK.ScreensAppTests;
				PRODUCT_NAME = "$(TARGET_NAME)";
				TEST_HOST = "$(BUILT_PRODUCTS_DIR)/ScreensApp.app/ScreensApp";
			};
			name = Debug;
		};
		3F151CCE1C1A011600D92DC2 /* Release */ = {
			isa = XCBuildConfiguration;
			buildSettings = {
				BUNDLE_LOADER = "$(TEST_HOST)";
				INFOPLIST_FILE = ScreensAppTests/Info.plist;
				LD_RUNPATH_SEARCH_PATHS = "$(inherited) @executable_path/Frameworks @loader_path/Frameworks";
				PRODUCT_BUNDLE_IDENTIFIER = HACKATRUCK.ScreensAppTests;
				PRODUCT_NAME = "$(TARGET_NAME)";
				TEST_HOST = "$(BUILT_PRODUCTS_DIR)/ScreensApp.app/ScreensApp";
			};
			name = Release;
		};
		3F151CD01C1A011600D92DC2 /* Debug */ = {
			isa = XCBuildConfiguration;
			buildSettings = {
				INFOPLIST_FILE = ScreensAppUITests/Info.plist;
				LD_RUNPATH_SEARCH_PATHS = "$(inherited) @executable_path/Frameworks @loader_path/Frameworks";
				PRODUCT_BUNDLE_IDENTIFIER = HACKATRUCK.ScreensAppUITests;
				PRODUCT_NAME = "$(TARGET_NAME)";
				TEST_TARGET_NAME = ScreensApp;
				USES_XCTRUNNER = YES;
			};
			name = Debug;
		};
		3F151CD11C1A011600D92DC2 /* Release */ = {
			isa = XCBuildConfiguration;
			buildSettings = {
				INFOPLIST_FILE = ScreensAppUITests/Info.plist;
				LD_RUNPATH_SEARCH_PATHS = "$(inherited) @executable_path/Frameworks @loader_path/Frameworks";
				PRODUCT_BUNDLE_IDENTIFIER = HACKATRUCK.ScreensAppUITests;
				PRODUCT_NAME = "$(TARGET_NAME)";
				TEST_TARGET_NAME = ScreensApp;
				USES_XCTRUNNER = YES;
			};
			name = Release;
		};
/* End XCBuildConfiguration section */

/* Begin XCConfigurationList section */
		3F151C991C1A011600D92DC2 /* Build configuration list for PBXProject "ScreensApp" */ = {
			isa = XCConfigurationList;
			buildConfigurations = (
				3F151CC71C1A011600D92DC2 /* Debug */,
				3F151CC81C1A011600D92DC2 /* Release */,
			);
			defaultConfigurationIsVisible = 0;
			defaultConfigurationName = Release;
		};
		3F151CC91C1A011600D92DC2 /* Build configuration list for PBXNativeTarget "ScreensApp" */ = {
			isa = XCConfigurationList;
			buildConfigurations = (
				3F151CCA1C1A011600D92DC2 /* Debug */,
				3F151CCB1C1A011600D92DC2 /* Release */,
			);
			defaultConfigurationIsVisible = 0;
			defaultConfigurationName = Release;
		};
		3F151CCC1C1A011600D92DC2 /* Build configuration list for PBXNativeTarget "ScreensAppTests" */ = {
			isa = XCConfigurationList;
			buildConfigurations = (
				3F151CCD1C1A011600D92DC2 /* Debug */,
				3F151CCE1C1A011600D92DC2 /* Release */,
			);
			defaultConfigurationIsVisible = 0;
			defaultConfigurationName = Release;
		};
		3F151CCF1C1A011600D92DC2 /* Build configuration list for PBXNativeTarget "ScreensAppUITests" */ = {
			isa = XCConfigurationList;
			buildConfigurations = (
				3F151CD01C1A011600D92DC2 /* Debug */,
				3F151CD11C1A011600D92DC2 /* Release */,
			);
			defaultConfigurationIsVisible = 0;
			defaultConfigurationName = Release;
		};
/* End XCConfigurationList section */

/* Begin XCVersionGroup section */
		3F151CA81C1A011600D92DC2 /* ScreensApp.xcdatamodeld */ = {
			isa = XCVersionGroup;
			children = (
				3F151CA91C1A011600D92DC2 /* ScreensApp.xcdatamodel */,
			);
			currentVersion = 3F151CA91C1A011600D92DC2 /* ScreensApp.xcdatamodel */;
			path = ScreensApp.xcdatamodeld;
			sourceTree = "<group>";
			versionGroupType = wrapper.xcdatamodel;
		};
/* End XCVersionGroup section */
	};
	rootObject = 3F151C961C1A011600D92DC2 /* Project object */;
}
